
Microsoft Visual Studio Solution File, Format Version 12.00
# Visual Studio Version 16
VisualStudioVersion = 16.0.31624.102
MinimumVisualStudioVersion = 10.0.40219.1
Project("{FAE04EC0-301F-11D3-BF4B-00C04F79EFBC}") = "Lab4_v6", "Lab4_v6\Lab4_v6.csproj", "{FD2E4FB2-A7EA-4D1A-97CC-A3531066C094}"
EndProject
Global
	GlobalSection(SolutionConfigurationPlatforms) = preSolution
		Debug|Any CPU = Debug|Any CPU
		Release|Any CPU = Release|Any CPU
	EndGlobalSection
	GlobalSection(ProjectConfigurationPlatforms) = postSolution
		{FD2E4FB2-A7EA-4D1A-97CC-A3531066C094}.Debug|Any CPU.ActiveCfg = Debug|Any CPU
		{FD2E4FB2-A7EA-4D1A-97CC-A3531066C094}.Debug|Any CPU.Build.0 = Debug|Any CPU
		{FD2E4FB2-A7EA-4D1A-97CC-A3531066C094}.Release|Any CPU.ActiveCfg = Release|Any CPU
		{FD2E4FB2-A7EA-4D1A-97CC-A3531066C094}.Release|Any CPU.Build.0 = Release|Any CPU
	EndGlobalSection
	GlobalSection(SolutionProperties) = preSolution
		HideSolutionNode = FALSE
	EndGlobalSection
	GlobalSection(ExtensibilityGlobals) = postSolution
		SolutionGuid = {70DFE25B-7168-4A22-BF43-A09B86B4010A}
	EndGlobalSection
EndGlobal
