
Microsoft Visual Studio Solution File, Format Version 12.00
# Visual Studio Version 17
VisualStudioVersion = 17.4.33110.190
MinimumVisualStudioVersion = 10.0.40219.1
Project("{FAE04EC0-301F-11D3-BF4B-00C04F79EFBC}") = "Lab12_v6", "Lab12_v6\Lab12_v6.csproj", "{26F12F3C-FDB1-4A4D-93B6-B82A12DD9E88}"
EndProject
Global
	GlobalSection(SolutionConfigurationPlatforms) = preSolution
		Debug|Any CPU = Debug|Any CPU
		Release|Any CPU = Release|Any CPU
	EndGlobalSection
	GlobalSection(ProjectConfigurationPlatforms) = postSolution
		{26F12F3C-FDB1-4A4D-93B6-B82A12DD9E88}.Debug|Any CPU.ActiveCfg = Debug|Any CPU
		{26F12F3C-FDB1-4A4D-93B6-B82A12DD9E88}.Debug|Any CPU.Build.0 = Debug|Any CPU
		{26F12F3C-FDB1-4A4D-93B6-B82A12DD9E88}.Release|Any CPU.ActiveCfg = Release|Any CPU
		{26F12F3C-FDB1-4A4D-93B6-B82A12DD9E88}.Release|Any CPU.Build.0 = Release|Any CPU
	EndGlobalSection
	GlobalSection(SolutionProperties) = preSolution
		HideSolutionNode = FALSE
	EndGlobalSection
	GlobalSection(ExtensibilityGlobals) = postSolution
		SolutionGuid = {DA52F44D-7591-440B-A73D-25E22DBDEBE2}
	EndGlobalSection
EndGlobal
