
Microsoft Visual Studio Solution File, Format Version 12.00
# Visual Studio Version 16
VisualStudioVersion = 16.0.31624.102
MinimumVisualStudioVersion = 10.0.40219.1
Project("{FAE04EC0-301F-11D3-BF4B-00C04F79EFBC}") = "Lab9_v6", "Lab9_v6\Lab9_v6.csproj", "{C383BEFD-15BD-4B94-87F6-54F7A83F8862}"
EndProject
Global
	GlobalSection(SolutionConfigurationPlatforms) = preSolution
		Debug|Any CPU = Debug|Any CPU
		Release|Any CPU = Release|Any CPU
	EndGlobalSection
	GlobalSection(ProjectConfigurationPlatforms) = postSolution
		{C383BEFD-15BD-4B94-87F6-54F7A83F8862}.Debug|Any CPU.ActiveCfg = Debug|Any CPU
		{C383BEFD-15BD-4B94-87F6-54F7A83F8862}.Debug|Any CPU.Build.0 = Debug|Any CPU
		{C383BEFD-15BD-4B94-87F6-54F7A83F8862}.Release|Any CPU.ActiveCfg = Release|Any CPU
		{C383BEFD-15BD-4B94-87F6-54F7A83F8862}.Release|Any CPU.Build.0 = Release|Any CPU
	EndGlobalSection
	GlobalSection(SolutionProperties) = preSolution
		HideSolutionNode = FALSE
	EndGlobalSection
	GlobalSection(ExtensibilityGlobals) = postSolution
		SolutionGuid = {A57D0FB4-6953-41E9-A18B-52A7339BA6E5}
	EndGlobalSection
EndGlobal
