
Microsoft Visual Studio Solution File, Format Version 12.00
# Visual Studio Version 17
VisualStudioVersion = 17.4.33110.190
MinimumVisualStudioVersion = 10.0.40219.1
Project("{FAE04EC0-301F-11D3-BF4B-00C04F79EFBC}") = "BackPack", "BackPack\BackPack.csproj", "{C6205671-1E8D-42A0-B1E2-D1A025602BC5}"
EndProject
Global
	GlobalSection(SolutionConfigurationPlatforms) = preSolution
		Debug|Any CPU = Debug|Any CPU
		Release|Any CPU = Release|Any CPU
	EndGlobalSection
	GlobalSection(ProjectConfigurationPlatforms) = postSolution
		{C6205671-1E8D-42A0-B1E2-D1A025602BC5}.Debug|Any CPU.ActiveCfg = Debug|Any CPU
		{C6205671-1E8D-42A0-B1E2-D1A025602BC5}.Debug|Any CPU.Build.0 = Debug|Any CPU
		{C6205671-1E8D-42A0-B1E2-D1A025602BC5}.Release|Any CPU.ActiveCfg = Release|Any CPU
		{C6205671-1E8D-42A0-B1E2-D1A025602BC5}.Release|Any CPU.Build.0 = Release|Any CPU
	EndGlobalSection
	GlobalSection(SolutionProperties) = preSolution
		HideSolutionNode = FALSE
	EndGlobalSection
	GlobalSection(ExtensibilityGlobals) = postSolution
		SolutionGuid = {168F3178-B296-40C3-9259-95A1E4F84A40}
	EndGlobalSection
EndGlobal
